// !$*UTF8*$!
{
	archiveVersion = 1;
	classes = {
	};
	objectVersion = 46;
	objects = {

/* Begin PBXBuildFile section */
		74342BA51E013D4B00C1A55E /* Constants.swift in Sources */ = {isa = PBXBuildFile; fileRef = 74342BA41E013D4B00C1A55E /* Constants.swift */; };
		74342BA91E0148FA00C1A55E /* CurrentWeather.swift in Sources */ = {isa = PBXBuildFile; fileRef = 74342BA81E0148FA00C1A55E /* CurrentWeather.swift */; };
		74342BAB1E01678C00C1A55E /* Forecast.swift in Sources */ = {isa = PBXBuildFile; fileRef = 74342BAA1E01678C00C1A55E /* Forecast.swift */; };
		748913C21E0028FF0094C03F /* AppDelegate.swift in Sources */ = {isa = PBXBuildFile; fileRef = 748913C11E0028FF0094C03F /* AppDelegate.swift */; };
		748913C41E0028FF0094C03F /* WeatherVC.swift in Sources */ = {isa = PBXBuildFile; fileRef = 748913C31E0028FF0094C03F /* WeatherVC.swift */; };
		748913C71E0028FF0094C03F /* Main.storyboard in Resources */ = {isa = PBXBuildFile; fileRef = 748913C51E0028FF0094C03F /* Main.storyboard */; };
		748913C91E0028FF0094C03F /* Assets.xcassets in Resources */ = {isa = PBXBuildFile; fileRef = 748913C81E0028FF0094C03F /* Assets.xcassets */; };
		748913CC1E0028FF0094C03F /* LaunchScreen.storyboard in Resources */ = {isa = PBXBuildFile; fileRef = 748913CA1E0028FF0094C03F /* LaunchScreen.storyboard */; };
		748913D71E0028FF0094C03F /* rainyshinycloudyTests.swift in Sources */ = {isa = PBXBuildFile; fileRef = 748913D61E0028FF0094C03F /* rainyshinycloudyTests.swift */; };
		748913E21E0028FF0094C03F /* rainyshinycloudyUITests.swift in Sources */ = {isa = PBXBuildFile; fileRef = 748913E11E0028FF0094C03F /* rainyshinycloudyUITests.swift */; };
		74A1AB241E020DB4002613BD /* WeatherCell.swift in Sources */ = {isa = PBXBuildFile; fileRef = 74A1AB231E020DB3002613BD /* WeatherCell.swift */; };
		C4860931C622CCFFAE586FE6 /* Pods_rainyshinycloudy.framework in Frameworks */ = {isa = PBXBuildFile; fileRef = FA823E6EDC60C2351CA7B6EB /* Pods_rainyshinycloudy.framework */; };
/* End PBXBuildFile section */

/* Begin PBXContainerItemProxy section */
		748913D31E0028FF0094C03F /* PBXContainerItemProxy */ = {
			isa = PBXContainerItemProxy;
			containerPortal = 748913B61E0028FE0094C03F /* Project object */;
			proxyType = 1;
			remoteGlobalIDString = 748913BD1E0028FE0094C03F;
			remoteInfo = rainyshinycloudy;
		};
		748913DE1E0028FF0094C03F /* PBXContainerItemProxy */ = {
			isa = PBXContainerItemProxy;
			containerPortal = 748913B61E0028FE0094C03F /* Project object */;
			proxyType = 1;
			remoteGlobalIDString = 748913BD1E0028FE0094C03F;
			remoteInfo = rainyshinycloudy;
		};
/* End PBXContainerItemProxy section */

/* Begin PBXFileReference section */
		41E355C5E21BC7EA2C32266B /* Pods-rainyshinycloudy.release.xcconfig */ = {isa = PBXFileReference; includeInIndex = 1; lastKnownFileType = text.xcconfig; name = "Pods-rainyshinycloudy.release.xcconfig"; path = "Pods/Target Support Files/Pods-rainyshinycloudy/Pods-rainyshinycloudy.release.xcconfig"; sourceTree = "<group>"; };
		74342BA41E013D4B00C1A55E /* Constants.swift */ = {isa = PBXFileReference; fileEncoding = 4; lastKnownFileType = sourcecode.swift; path = Constants.swift; sourceTree = "<group>"; };
		74342BA81E0148FA00C1A55E /* CurrentWeather.swift */ = {isa = PBXFileReference; fileEncoding = 4; lastKnownFileType = sourcecode.swift; path = CurrentWeather.swift; sourceTree = "<group>"; };
		74342BAA1E01678C00C1A55E /* Forecast.swift */ = {isa = PBXFileReference; fileEncoding = 4; lastKnownFileType = sourcecode.swift; path = Forecast.swift; sourceTree = "<group>"; };
		748913BE1E0028FF0094C03F /* rainyshinycloudy.app */ = {isa = PBXFileReference; explicitFileType = wrapper.application; includeInIndex = 0; path = rainyshinycloudy.app; sourceTree = BUILT_PRODUCTS_DIR; };
		748913C11E0028FF0094C03F /* AppDelegate.swift */ = {isa = PBXFileReference; lastKnownFileType = sourcecode.swift; path = AppDelegate.swift; sourceTree = "<group>"; };
		748913C31E0028FF0094C03F /* WeatherVC.swift */ = {isa = PBXFileReference; lastKnownFileType = sourcecode.swift; path = WeatherVC.swift; sourceTree = "<group>"; };
		748913C61E0028FF0094C03F /* Base */ = {isa = PBXFileReference; lastKnownFileType = file.storyboard; name = Base; path = Base.lproj/Main.storyboard; sourceTree = "<group>"; };
		748913C81E0028FF0094C03F /* Assets.xcassets */ = {isa = PBXFileReference; lastKnownFileType = folder.assetcatalog; path = Assets.xcassets; sourceTree = "<group>"; };
		748913CB1E0028FF0094C03F /* Base */ = {isa = PBXFileReference; lastKnownFileType = file.storyboard; name = Base; path = Base.lproj/LaunchScreen.storyboard; sourceTree = "<group>"; };
		748913CD1E0028FF0094C03F /* Info.plist */ = {isa = PBXFileReference; lastKnownFileType = text.plist.xml; path = Info.plist; sourceTree = "<group>"; };
		748913D21E0028FF0094C03F /* rainyshinycloudyTests.xctest */ = {isa = PBXFileReference; explicitFileType = wrapper.cfbundle; includeInIndex = 0; path = rainyshinycloudyTests.xctest; sourceTree = BUILT_PRODUCTS_DIR; };
		748913D61E0028FF0094C03F /* rainyshinycloudyTests.swift */ = {isa = PBXFileReference; lastKnownFileType = sourcecode.swift; path = rainyshinycloudyTests.swift; sourceTree = "<group>"; };
		748913D81E0028FF0094C03F /* Info.plist */ = {isa = PBXFileReference; lastKnownFileType = text.plist.xml; path = Info.plist; sourceTree = "<group>"; };
		748913DD1E0028FF0094C03F /* rainyshinycloudyUITests.xctest */ = {isa = PBXFileReference; explicitFileType = wrapper.cfbundle; includeInIndex = 0; path = rainyshinycloudyUITests.xctest; sourceTree = BUILT_PRODUCTS_DIR; };
		748913E11E0028FF0094C03F /* rainyshinycloudyUITests.swift */ = {isa = PBXFileReference; lastKnownFileType = sourcecode.swift; path = rainyshinycloudyUITests.swift; sourceTree = "<group>"; };
		748913E31E0028FF0094C03F /* Info.plist */ = {isa = PBXFileReference; lastKnownFileType = text.plist.xml; path = Info.plist; sourceTree = "<group>"; };
		74A1AB231E020DB3002613BD /* WeatherCell.swift */ = {isa = PBXFileReference; fileEncoding = 4; lastKnownFileType = sourcecode.swift; path = WeatherCell.swift; sourceTree = "<group>"; };
		B47AE160B21644CD2B83D219 /* Pods-rainyshinycloudy.debug.xcconfig */ = {isa = PBXFileReference; includeInIndex = 1; lastKnownFileType = text.xcconfig; name = "Pods-rainyshinycloudy.debug.xcconfig"; path = "Pods/Target Support Files/Pods-rainyshinycloudy/Pods-rainyshinycloudy.debug.xcconfig"; sourceTree = "<group>"; };
		FA823E6EDC60C2351CA7B6EB /* Pods_rainyshinycloudy.framework */ = {isa = PBXFileReference; explicitFileType = wrapper.framework; includeInIndex = 0; path = Pods_rainyshinycloudy.framework; sourceTree = BUILT_PRODUCTS_DIR; };
/* End PBXFileReference section */

/* Begin PBXFrameworksBuildPhase section */
		748913BB1E0028FE0094C03F /* Frameworks */ = {
			isa = PBXFrameworksBuildPhase;
			buildActionMask = 2147483647;
			files = (
				C4860931C622CCFFAE586FE6 /* Pods_rainyshinycloudy.framework in Frameworks */,
			);
			runOnlyForDeploymentPostprocessing = 0;
		};
		748913CF1E0028FF0094C03F /* Frameworks */ = {
			isa = PBXFrameworksBuildPhase;
			buildActionMask = 2147483647;
			files = (
			);
			runOnlyForDeploymentPostprocessing = 0;
		};
		748913DA1E0028FF0094C03F /* Frameworks */ = {
			isa = PBXFrameworksBuildPhase;
			buildActionMask = 2147483647;
			files = (
			);
			runOnlyForDeploymentPostprocessing = 0;
		};
/* End PBXFrameworksBuildPhase section */

/* Begin PBXGroup section */
		3E9BFB1ECCA8191A16C49D2A /* Frameworks */ = {
			isa = PBXGroup;
			children = (
				FA823E6EDC60C2351CA7B6EB /* Pods_rainyshinycloudy.framework */,
			);
			name = Frameworks;
			sourceTree = "<group>";
		};
		65F2846B1155AEF20FFFF335 /* Pods */ = {
			isa = PBXGroup;
			children = (
				B47AE160B21644CD2B83D219 /* Pods-rainyshinycloudy.debug.xcconfig */,
				41E355C5E21BC7EA2C32266B /* Pods-rainyshinycloudy.release.xcconfig */,
			);
			name = Pods;
			sourceTree = "<group>";
		};
		748913B51E0028FE0094C03F = {
			isa = PBXGroup;
			children = (
				748913C01E0028FF0094C03F /* rainyshinycloudy */,
				748913D51E0028FF0094C03F /* rainyshinycloudyTests */,
				748913E01E0028FF0094C03F /* rainyshinycloudyUITests */,
				748913BF1E0028FF0094C03F /* Products */,
				65F2846B1155AEF20FFFF335 /* Pods */,
				3E9BFB1ECCA8191A16C49D2A /* Frameworks */,
			);
			sourceTree = "<group>";
		};
		748913BF1E0028FF0094C03F /* Products */ = {
			isa = PBXGroup;
			children = (
				748913BE1E0028FF0094C03F /* rainyshinycloudy.app */,
				748913D21E0028FF0094C03F /* rainyshinycloudyTests.xctest */,
				748913DD1E0028FF0094C03F /* rainyshinycloudyUITests.xctest */,
			);
			name = Products;
			sourceTree = "<group>";
		};
		748913C01E0028FF0094C03F /* rainyshinycloudy */ = {
			isa = PBXGroup;
			children = (
				748913C11E0028FF0094C03F /* AppDelegate.swift */,
				748913C31E0028FF0094C03F /* WeatherVC.swift */,
				748913C51E0028FF0094C03F /* Main.storyboard */,
				748913C81E0028FF0094C03F /* Assets.xcassets */,
				748913CA1E0028FF0094C03F /* LaunchScreen.storyboard */,
				748913CD1E0028FF0094C03F /* Info.plist */,
				74342BA41E013D4B00C1A55E /* Constants.swift */,
				74342BA81E0148FA00C1A55E /* CurrentWeather.swift */,
				74342BAA1E01678C00C1A55E /* Forecast.swift */,
				74A1AB231E020DB3002613BD /* WeatherCell.swift */,
			);
			path = rainyshinycloudy;
			sourceTree = "<group>";
		};
		748913D51E0028FF0094C03F /* rainyshinycloudyTests */ = {
			isa = PBXGroup;
			children = (
				748913D61E0028FF0094C03F /* rainyshinycloudyTests.swift */,
				748913D81E0028FF0094C03F /* Info.plist */,
			);
			path = rainyshinycloudyTests;
			sourceTree = "<group>";
		};
		748913E01E0028FF0094C03F /* rainyshinycloudyUITests */ = {
			isa = PBXGroup;
			children = (
				748913E11E0028FF0094C03F /* rainyshinycloudyUITests.swift */,
				748913E31E0028FF0094C03F /* Info.plist */,
			);
			path = rainyshinycloudyUITests;
			sourceTree = "<group>";
		};
/* End PBXGroup section */

/* Begin PBXNativeTarget section */
		748913BD1E0028FE0094C03F /* rainyshinycloudy */ = {
			isa = PBXNativeTarget;
			buildConfigurationList = 748913E61E0028FF0094C03F /* Build configuration list for PBXNativeTarget "rainyshinycloudy" */;
			buildPhases = (
				96B3B33260A2C1DF13404F99 /* [CP] Check Pods Manifest.lock */,
				748913BA1E0028FE0094C03F /* Sources */,
				748913BB1E0028FE0094C03F /* Frameworks */,
				748913BC1E0028FE0094C03F /* Resources */,
				D58C3D40B19C6F7B544B6E49 /* [CP] Embed Pods Frameworks */,
				D9F0B02D2AB5AADC879F35D3 /* [CP] Copy Pods Resources */,
			);
			buildRules = (
			);
			dependencies = (
			);
			name = rainyshinycloudy;
			productName = rainyshinycloudy;
			productReference = 748913BE1E0028FF0094C03F /* rainyshinycloudy.app */;
			productType = "com.apple.product-type.application";
		};
		748913D11E0028FF0094C03F /* rainyshinycloudyTests */ = {
			isa = PBXNativeTarget;
			buildConfigurationList = 748913E91E0028FF0094C03F /* Build configuration list for PBXNativeTarget "rainyshinycloudyTests" */;
			buildPhases = (
				748913CE1E0028FF0094C03F /* Sources */,
				748913CF1E0028FF0094C03F /* Frameworks */,
				748913D01E0028FF0094C03F /* Resources */,
			);
			buildRules = (
			);
			dependencies = (
				748913D41E0028FF0094C03F /* PBXTargetDependency */,
			);
			name = rainyshinycloudyTests;
			productName = rainyshinycloudyTests;
			productReference = 748913D21E0028FF0094C03F /* rainyshinycloudyTests.xctest */;
			productType = "com.apple.product-type.bundle.unit-test";
		};
		748913DC1E0028FF0094C03F /* rainyshinycloudyUITests */ = {
			isa = PBXNativeTarget;
			buildConfigurationList = 748913EC1E0028FF0094C03F /* Build configuration list for PBXNativeTarget "rainyshinycloudyUITests" */;
			buildPhases = (
				748913D91E0028FF0094C03F /* Sources */,
				748913DA1E0028FF0094C03F /* Frameworks */,
				748913DB1E0028FF0094C03F /* Resources */,
			);
			buildRules = (
			);
			dependencies = (
				748913DF1E0028FF0094C03F /* PBXTargetDependency */,
			);
			name = rainyshinycloudyUITests;
			productName = rainyshinycloudyUITests;
			productReference = 748913DD1E0028FF0094C03F /* rainyshinycloudyUITests.xctest */;
			productType = "com.apple.product-type.bundle.ui-testing";
		};
/* End PBXNativeTarget section */

/* Begin PBXProject section */
		748913B61E0028FE0094C03F /* Project object */ = {
			isa = PBXProject;
			attributes = {
				LastSwiftUpdateCheck = 0800;
				LastUpgradeCheck = 0800;
				ORGANIZATIONNAME = "quang nguyen";
				TargetAttributes = {
					748913BD1E0028FE0094C03F = {
						CreatedOnToolsVersion = 8.0;
						ProvisioningStyle = Automatic;
					};
					748913D11E0028FF0094C03F = {
						CreatedOnToolsVersion = 8.0;
						ProvisioningStyle = Automatic;
						TestTargetID = 748913BD1E0028FE0094C03F;
					};
					748913DC1E0028FF0094C03F = {
						CreatedOnToolsVersion = 8.0;
						ProvisioningStyle = Automatic;
						TestTargetID = 748913BD1E0028FE0094C03F;
					};
				};
			};
			buildConfigurationList = 748913B91E0028FE0094C03F /* Build configuration list for PBXProject "rainyshinycloudy" */;
			compatibilityVersion = "Xcode 3.2";
			developmentRegion = English;
			hasScannedForEncodings = 0;
			knownRegions = (
				en,
				Base,
			);
			mainGroup = 748913B51E0028FE0094C03F;
			productRefGroup = 748913BF1E0028FF0094C03F /* Products */;
			projectDirPath = "";
			projectRoot = "";
			targets = (
				748913BD1E0028FE0094C03F /* rainyshinycloudy */,
				748913D11E0028FF0094C03F /* rainyshinycloudyTests */,
				748913DC1E0028FF0094C03F /* rainyshinycloudyUITests */,
			);
		};
/* End PBXProject section */

/* Begin PBXResourcesBuildPhase section */
		748913BC1E0028FE0094C03F /* Resources */ = {
			isa = PBXResourcesBuildPhase;
			buildActionMask = 2147483647;
			files = (
				748913CC1E0028FF0094C03F /* LaunchScreen.storyboard in Resources */,
				748913C91E0028FF0094C03F /* Assets.xcassets in Resources */,
				748913C71E0028FF0094C03F /* Main.storyboard in Resources */,
			);
			runOnlyForDeploymentPostprocessing = 0;
		};
		748913D01E0028FF0094C03F /* Resources */ = {
			isa = PBXResourcesBuildPhase;
			buildActionMask = 2147483647;
			files = (
			);
			runOnlyForDeploymentPostprocessing = 0;
		};
		748913DB1E0028FF0094C03F /* Resources */ = {
			isa = PBXResourcesBuildPhase;
			buildActionMask = 2147483647;
			files = (
			);
			runOnlyForDeploymentPostprocessing = 0;
		};
/* End PBXResourcesBuildPhase section */

/* Begin PBXShellScriptBuildPhase section */
		96B3B33260A2C1DF13404F99 /* [CP] Check Pods Manifest.lock */ = {
			isa = PBXShellScriptBuildPhase;
			buildActionMask = 2147483647;
			files = (
			);
			inputPaths = (
			);
			name = "[CP] Check Pods Manifest.lock";
			outputPaths = (
			);
			runOnlyForDeploymentPostprocessing = 0;
			shellPath = /bin/sh;
			shellScript = "diff \"${PODS_ROOT}/../Podfile.lock\" \"${PODS_ROOT}/Manifest.lock\" > /dev/null\nif [ $? != 0 ] ; then\n    # print error to STDERR\n    echo \"error: The sandbox is not in sync with the Podfile.lock. Run 'pod install' or update your CocoaPods installation.\" >&2\n    exit 1\nfi\n";
			showEnvVarsInLog = 0;
		};
		D58C3D40B19C6F7B544B6E49 /* [CP] Embed Pods Frameworks */ = {
			isa = PBXShellScriptBuildPhase;
			buildActionMask = 2147483647;
			files = (
			);
			inputPaths = (
			);
			name = "[CP] Embed Pods Frameworks";
			outputPaths = (
			);
			runOnlyForDeploymentPostprocessing = 0;
			shellPath = /bin/sh;
			shellScript = "\"${SRCROOT}/Pods/Target Support Files/Pods-rainyshinycloudy/Pods-rainyshinycloudy-frameworks.sh\"\n";
			showEnvVarsInLog = 0;
		};
		D9F0B02D2AB5AADC879F35D3 /* [CP] Copy Pods Resources */ = {
			isa = PBXShellScriptBuildPhase;
			buildActionMask = 2147483647;
			files = (
			);
			inputPaths = (
			);
			name = "[CP] Copy Pods Resources";
			outputPaths = (
			);
			runOnlyForDeploymentPostprocessing = 0;
			shellPath = /bin/sh;
			shellScript = "\"${SRCROOT}/Pods/Target Support Files/Pods-rainyshinycloudy/Pods-rainyshinycloudy-resources.sh\"\n";
			showEnvVarsInLog = 0;
		};
/* End PBXShellScriptBuildPhase section */

/* Begin PBXSourcesBuildPhase section */
		748913BA1E0028FE0094C03F /* Sources */ = {
			isa = PBXSourcesBuildPhase;
			buildActionMask = 2147483647;
			files = (
				748913C41E0028FF0094C03F /* WeatherVC.swift in Sources */,
				748913C21E0028FF0094C03F /* AppDelegate.swift in Sources */,
				74A1AB241E020DB4002613BD /* WeatherCell.swift in Sources */,
				74342BA91E0148FA00C1A55E /* CurrentWeather.swift in Sources */,
				74342BA51E013D4B00C1A55E /* Constants.swift in Sources */,
				74342BAB1E01678C00C1A55E /* Forecast.swift in Sources */,
			);
			runOnlyForDeploymentPostprocessing = 0;
		};
		748913CE1E0028FF0094C03F /* Sources */ = {
			isa = PBXSourcesBuildPhase;
			buildActionMask = 2147483647;
			files = (
				748913D71E0028FF0094C03F /* rainyshinycloudyTests.swift in Sources */,
			);
			runOnlyForDeploymentPostprocessing = 0;
		};
		748913D91E0028FF0094C03F /* Sources */ = {
			isa = PBXSourcesBuildPhase;
			buildActionMask = 2147483647;
			files = (
				748913E21E0028FF0094C03F /* rainyshinycloudyUITests.swift in Sources */,
			);
			runOnlyForDeploymentPostprocessing = 0;
		};
/* End PBXSourcesBuildPhase section */

/* Begin PBXTargetDependency section */
		748913D41E0028FF0094C03F /* PBXTargetDependency */ = {
			isa = PBXTargetDependency;
			target = 748913BD1E0028FE0094C03F /* rainyshinycloudy */;
			targetProxy = 748913D31E0028FF0094C03F /* PBXContainerItemProxy */;
		};
		748913DF1E0028FF0094C03F /* PBXTargetDependency */ = {
			isa = PBXTargetDependency;
			target = 748913BD1E0028FE0094C03F /* rainyshinycloudy */;
			targetProxy = 748913DE1E0028FF0094C03F /* PBXContainerItemProxy */;
		};
/* End PBXTargetDependency section */

/* Begin PBXVariantGroup section */
		748913C51E0028FF0094C03F /* Main.storyboard */ = {
			isa = PBXVariantGroup;
			children = (
				748913C61E0028FF0094C03F /* Base */,
			);
			name = Main.storyboard;
			sourceTree = "<group>";
		};
		748913CA1E0028FF0094C03F /* LaunchScreen.storyboard */ = {
			isa = PBXVariantGroup;
			children = (
				748913CB1E0028FF0094C03F /* Base */,
			);
			name = LaunchScreen.storyboard;
			sourceTree = "<group>";
		};
/* End PBXVariantGroup section */

/* Begin XCBuildConfiguration section */
		748913E41E0028FF0094C03F /* Debug */ = {
			isa = XCBuildConfiguration;
			buildSettings = {
				ALWAYS_SEARCH_USER_PATHS = NO;
				CLANG_ANALYZER_NONNULL = YES;
				CLANG_CXX_LANGUAGE_STANDARD = "gnu++0x";
				CLANG_CXX_LIBRARY = "libc++";
				CLANG_ENABLE_MODULES = YES;
				CLANG_ENABLE_OBJC_ARC = YES;
				CLANG_WARN_BOOL_CONVERSION = YES;
				CLANG_WARN_CONSTANT_CONVERSION = YES;
				CLANG_WARN_DIRECT_OBJC_ISA_USAGE = YES_ERROR;
				CLANG_WARN_DOCUMENTATION_COMMENTS = YES;
				CLANG_WARN_EMPTY_BODY = YES;
				CLANG_WARN_ENUM_CONVERSION = YES;
				CLANG_WARN_INFINITE_RECURSION = YES;
				CLANG_WARN_INT_CONVERSION = YES;
				CLANG_WARN_OBJC_ROOT_CLASS = YES_ERROR;
				CLANG_WARN_SUSPICIOUS_MOVES = YES;
				CLANG_WARN_UNREACHABLE_CODE = YES;
				CLANG_WARN__DUPLICATE_METHOD_MATCH = YES;
				"CODE_SIGN_IDENTITY[sdk=iphoneos*]" = "iPhone Developer";
				COPY_PHASE_STRIP = NO;
				DEBUG_INFORMATION_FORMAT = dwarf;
				ENABLE_STRICT_OBJC_MSGSEND = YES;
				ENABLE_TESTABILITY = YES;
				GCC_C_LANGUAGE_STANDARD = gnu99;
				GCC_DYNAMIC_NO_PIC = NO;
				GCC_NO_COMMON_BLOCKS = YES;
				GCC_OPTIMIZATION_LEVEL = 0;
				GCC_PREPROCESSOR_DEFINITIONS = (
					"DEBUG=1",
					"$(inherited)",
				);
				GCC_WARN_64_TO_32_BIT_CONVERSION = YES;
				GCC_WARN_ABOUT_RETURN_TYPE = YES_ERROR;
				GCC_WARN_UNDECLARED_SELECTOR = YES;
				GCC_WARN_UNINITIALIZED_AUTOS = YES_AGGRESSIVE;
				GCC_WARN_UNUSED_FUNCTION = YES;
				GCC_WARN_UNUSED_VARIABLE = YES;
				IPHONEOS_DEPLOYMENT_TARGET = 10.0;
				MTL_ENABLE_DEBUG_INFO = YES;
				ONLY_ACTIVE_ARCH = YES;
				SDKROOT = iphoneos;
				SWIFT_ACTIVE_COMPILATION_CONDITIONS = DEBUG;
				SWIFT_OPTIMIZATION_LEVEL = "-Onone";
				TARGETED_DEVICE_FAMILY = "1,2";
			};
			name = Debug;
		};
		748913E51E0028FF0094C03F /* Release */ = {
			isa = XCBuildConfiguration;
			buildSettings = {
				ALWAYS_SEARCH_USER_PATHS = NO;
				CLANG_ANALYZER_NONNULL = YES;
				CLANG_CXX_LANGUAGE_STANDARD = "gnu++0x";
				CLANG_CXX_LIBRARY = "libc++";
				CLANG_ENABLE_MODULES = YES;
				CLANG_ENABLE_OBJC_ARC = YES;
				CLANG_WARN_BOOL_CONVERSION = YES;
				CLANG_WARN_CONSTANT_CONVERSION = YES;
				CLANG_WARN_DIRECT_OBJC_ISA_USAGE = YES_ERROR;
				CLANG_WARN_DOCUMENTATION_COMMENTS = YES;
				CLANG_WARN_EMPTY_BODY = YES;
				CLANG_WARN_ENUM_CONVERSION = YES;
				CLANG_WARN_INFINITE_RECURSION = YES;
				CLANG_WARN_INT_CONVERSION = YES;
				CLANG_WARN_OBJC_ROOT_CLASS = YES_ERROR;
				CLANG_WARN_SUSPICIOUS_MOVES = YES;
				CLANG_WARN_UNREACHABLE_CODE = YES;
				CLANG_WARN__DUPLICATE_METHOD_MATCH = YES;
				"CODE_SIGN_IDENTITY[sdk=iphoneos*]" = "iPhone Developer";
				COPY_PHASE_STRIP = NO;
				DEBUG_INFORMATION_FORMAT = "dwarf-with-dsym";
				ENABLE_NS_ASSERTIONS = NO;
				ENABLE_STRICT_OBJC_MSGSEND = YES;
				GCC_C_LANGUAGE_STANDARD = gnu99;
				GCC_NO_COMMON_BLOCKS = YES;
				GCC_WARN_64_TO_32_BIT_CONVERSION = YES;
				GCC_WARN_ABOUT_RETURN_TYPE = YES_ERROR;
				GCC_WARN_UNDECLARED_SELECTOR = YES;
				GCC_WARN_UNINITIALIZED_AUTOS = YES_AGGRESSIVE;
				GCC_WARN_UNUSED_FUNCTION = YES;
				GCC_WARN_UNUSED_VARIABLE = YES;
				IPHONEOS_DEPLOYMENT_TARGET = 10.0;
				MTL_ENABLE_DEBUG_INFO = NO;
				SDKROOT = iphoneos;
				SWIFT_OPTIMIZATION_LEVEL = "-Owholemodule";
				TARGETED_DEVICE_FAMILY = "1,2";
				VALIDATE_PRODUCT = YES;
			};
			name = Release;
		};
		748913E71E0028FF0094C03F /* Debug */ = {
			isa = XCBuildConfiguration;
			baseConfigurationReference = B47AE160B21644CD2B83D219 /* Pods-rainyshinycloudy.debug.xcconfig */;
			buildSettings = {
				ASSETCATALOG_COMPILER_APPICON_NAME = AppIcon;
				INFOPLIST_FILE = rainyshinycloudy/Info.plist;
				LD_RUNPATH_SEARCH_PATHS = "$(inherited) @executable_path/Frameworks";
				PRODUCT_BUNDLE_IDENTIFIER = iso.rainyshinycloudy;
				PRODUCT_NAME = "$(TARGET_NAME)";
				SWIFT_VERSION = 3.0;
			};
			name = Debug;
		};
		748913E81E0028FF0094C03F /* Release */ = {
			isa = XCBuildConfiguration;
			baseConfigurationReference = 41E355C5E21BC7EA2C32266B /* Pods-rainyshinycloudy.release.xcconfig */;
			buildSettings = {
				ASSETCATALOG_COMPILER_APPICON_NAME = AppIcon;
				INFOPLIST_FILE = rainyshinycloudy/Info.plist;
				LD_RUNPATH_SEARCH_PATHS = "$(inherited) @executable_path/Frameworks";
				PRODUCT_BUNDLE_IDENTIFIER = iso.rainyshinycloudy;
				PRODUCT_NAME = "$(TARGET_NAME)";
				SWIFT_VERSION = 3.0;
			};
			name = Release;
		};
		748913EA1E0028FF0094C03F /* Debug */ = {
			isa = XCBuildConfiguration;
			buildSettings = {
				ALWAYS_EMBED_SWIFT_STANDARD_LIBRARIES = YES;
				BUNDLE_LOADER = "$(TEST_HOST)";
				INFOPLIST_FILE = rainyshinycloudyTests/Info.plist;
				LD_RUNPATH_SEARCH_PATHS = "$(inherited) @executable_path/Frameworks @loader_path/Frameworks";
				PRODUCT_BUNDLE_IDENTIFIER = iso.rainyshinycloudyTests;
				PRODUCT_NAME = "$(TARGET_NAME)";
				SWIFT_VERSION = 3.0;
				TEST_HOST = "$(BUILT_PRODUCTS_DIR)/rainyshinycloudy.app/rainyshinycloudy";
			};
			name = Debug;
		};
		748913EB1E0028FF0094C03F /* Release */ = {
			isa = XCBuildConfiguration;
			buildSettings = {
				ALWAYS_EMBED_SWIFT_STANDARD_LIBRARIES = YES;
				BUNDLE_LOADER = "$(TEST_HOST)";
				INFOPLIST_FILE = rainyshinycloudyTests/Info.plist;
				LD_RUNPATH_SEARCH_PATHS = "$(inherited) @executable_path/Frameworks @loader_path/Frameworks";
				PRODUCT_BUNDLE_IDENTIFIER = iso.rainyshinycloudyTests;
				PRODUCT_NAME = "$(TARGET_NAME)";
				SWIFT_VERSION = 3.0;
				TEST_HOST = "$(BUILT_PRODUCTS_DIR)/rainyshinycloudy.app/rainyshinycloudy";
			};
			name = Release;
		};
		748913ED1E0028FF0094C03F /* Debug */ = {
			isa = XCBuildConfiguration;
			buildSettings = {
				ALWAYS_EMBED_SWIFT_STANDARD_LIBRARIES = YES;
				INFOPLIST_FILE = rainyshinycloudyUITests/Info.plist;
				LD_RUNPATH_SEARCH_PATHS = "$(inherited) @executable_path/Frameworks @loader_path/Frameworks";
				PRODUCT_BUNDLE_IDENTIFIER = iso.rainyshinycloudyUITests;
				PRODUCT_NAME = "$(TARGET_NAME)";
				SWIFT_VERSION = 3.0;
				TEST_TARGET_NAME = rainyshinycloudy;
			};
			name = Debug;
		};
		748913EE1E0028FF0094C03F /* Release */ = {
			isa = XCBuildConfiguration;
			buildSettings = {
				ALWAYS_EMBED_SWIFT_STANDARD_LIBRARIES = YES;
				INFOPLIST_FILE = rainyshinycloudyUITests/Info.plist;
				LD_RUNPATH_SEARCH_PATHS = "$(inherited) @executable_path/Frameworks @loader_path/Frameworks";
				PRODUCT_BUNDLE_IDENTIFIER = iso.rainyshinycloudyUITests;
				PRODUCT_NAME = "$(TARGET_NAME)";
				SWIFT_VERSION = 3.0;
				TEST_TARGET_NAME = rainyshinycloudy;
			};
			name = Release;
		};
/* End XCBuildConfiguration section */

/* Begin XCConfigurationList section */
		748913B91E0028FE0094C03F /* Build configuration list for PBXProject "rainyshinycloudy" */ = {
			isa = XCConfigurationList;
			buildConfigurations = (
				748913E41E0028FF0094C03F /* Debug */,
				748913E51E0028FF0094C03F /* Release */,
			);
			defaultConfigurationIsVisible = 0;
			defaultConfigurationName = Release;
		};
		748913E61E0028FF0094C03F /* Build configuration list for PBXNativeTarget "rainyshinycloudy" */ = {
			isa = XCConfigurationList;
			buildConfigurations = (
				748913E71E0028FF0094C03F /* Debug */,
				748913E81E0028FF0094C03F /* Release */,
			);
			defaultConfigurationIsVisible = 0;
			defaultConfigurationName = Release;
		};
		748913E91E0028FF0094C03F /* Build configuration list for PBXNativeTarget "rainyshinycloudyTests" */ = {
			isa = XCConfigurationList;
			buildConfigurations = (
				748913EA1E0028FF0094C03F /* Debug */,
				748913EB1E0028FF0094C03F /* Release */,
			);
			defaultConfigurationIsVisible = 0;
			defaultConfigurationName = Release;
		};
		748913EC1E0028FF0094C03F /* Build configuration list for PBXNativeTarget "rainyshinycloudyUITests" */ = {
			isa = XCConfigurationList;
			buildConfigurations = (
				748913ED1E0028FF0094C03F /* Debug */,
				748913EE1E0028FF0094C03F /* Release */,
			);
			defaultConfigurationIsVisible = 0;
			defaultConfigurationName = Release;
		};
/* End XCConfigurationList section */
	};
	rootObject = 748913B61E0028FE0094C03F /* Project object */;
}
